
Microsoft Visual Studio Solution File, Format Version 12.00
# Visual Studio Version 17
VisualStudioVersion = 17.0.31919.166
MinimumVisualStudioVersion = 10.0.40219.1
Project("{FAE04EC0-301F-11D3-BF4B-00C04F79EFBC}") = "Juris.Domain", "Juris.Domain\Juris.Domain.csproj", "{571F696A-FB37-42A0-954B-3F9C415D9A96}"
EndProject
Project("{FAE04EC0-301F-11D3-BF4B-00C04F79EFBC}") = "Juris.Data", "Juris.Data\Juris.Data.csproj", "{17C7B2FF-7399-4936-8E4F-7AF3F98E0D54}"
EndProject
Project("{FAE04EC0-301F-11D3-BF4B-00C04F79EFBC}") = "Juris.Api", "Juris.Api\Juris.Api.csproj", "{81BF92F2-6F03-4ADD-87C5-266EA6A686C3}"
EndProject
Global
	GlobalSection(SolutionConfigurationPlatforms) = preSolution
		Debug|Any CPU = Debug|Any CPU
		Release|Any CPU = Release|Any CPU
	EndGlobalSection
	GlobalSection(ProjectConfigurationPlatforms) = postSolution
		{571F696A-FB37-42A0-954B-3F9C415D9A96}.Debug|Any CPU.ActiveCfg = Debug|Any CPU
		{571F696A-FB37-42A0-954B-3F9C415D9A96}.Debug|Any CPU.Build.0 = Debug|Any CPU
		{571F696A-FB37-42A0-954B-3F9C415D9A96}.Release|Any CPU.ActiveCfg = Release|Any CPU
		{571F696A-FB37-42A0-954B-3F9C415D9A96}.Release|Any CPU.Build.0 = Release|Any CPU
		{17C7B2FF-7399-4936-8E4F-7AF3F98E0D54}.Debug|Any CPU.ActiveCfg = Debug|Any CPU
		{17C7B2FF-7399-4936-8E4F-7AF3F98E0D54}.Debug|Any CPU.Build.0 = Debug|Any CPU
		{17C7B2FF-7399-4936-8E4F-7AF3F98E0D54}.Release|Any CPU.ActiveCfg = Release|Any CPU
		{17C7B2FF-7399-4936-8E4F-7AF3F98E0D54}.Release|Any CPU.Build.0 = Release|Any CPU
		{81BF92F2-6F03-4ADD-87C5-266EA6A686C3}.Debug|Any CPU.ActiveCfg = Debug|Any CPU
		{81BF92F2-6F03-4ADD-87C5-266EA6A686C3}.Debug|Any CPU.Build.0 = Debug|Any CPU
		{81BF92F2-6F03-4ADD-87C5-266EA6A686C3}.Release|Any CPU.ActiveCfg = Release|Any CPU
		{81BF92F2-6F03-4ADD-87C5-266EA6A686C3}.Release|Any CPU.Build.0 = Release|Any CPU
	EndGlobalSection
	GlobalSection(SolutionProperties) = preSolution
		HideSolutionNode = FALSE
	EndGlobalSection
	GlobalSection(ExtensibilityGlobals) = postSolution
		SolutionGuid = {25A65812-65FB-45EF-BFA5-04AD4D252F5C}
	EndGlobalSection
EndGlobal
